dependencies:
- name: cra-frontend
  repository: file://../frontend/frontend-chart
  version: 0.1.0
- name: cra-backend
  repository: file://../server/server-chart
  version: 0.1.0
digest: sha256:099344bc6d592a9ac530c4dbb0a0081683ae35ec9b09fee41c0b8b5ce5dc9dbf
generated: "2022-11-15T20:03:13.736302212+05:30"
